
Microsoft Visual Studio Solution File, Format Version 12.00
# Visual Studio Version 17
VisualStudioVersion = 17.14.37628.2 d17.14
MinimumVisualStudioVersion = 10.0.40219.1
Project("{FAE04EC0-301F-11D3-BF4B-00C04F79EFBC}") = "home assignment", "home assignment\home assignment.csproj", "{15C266C3-FCA3-4803-889A-9FC8A4A409DD}"
EndProject
Global
	GlobalSection(SolutionConfigurationPlatforms) = preSolution
		Debug|Any CPU = Debug|Any CPU
		Release|Any CPU = Release|Any CPU
	EndGlobalSection
	GlobalSection(ProjectConfigurationPlatforms) = postSolution
		{15C266C3-FCA3-4803-889A-9FC8A4A409DD}.Debug|Any CPU.ActiveCfg = Debug|Any CPU
		{15C266C3-FCA3-4803-889A-9FC8A4A409DD}.Debug|Any CPU.Build.0 = Debug|Any CPU
		{15C266C3-FCA3-4803-889A-9FC8A4A409DD}.Release|Any CPU.ActiveCfg = Release|Any CPU
		{15C266C3-FCA3-4803-889A-9FC8A4A409DD}.Release|Any CPU.Build.0 = Release|Any CPU
	EndGlobalSection
	GlobalSection(SolutionProperties) = preSolution
		HideSolutionNode = FALSE
	EndGlobalSection
	GlobalSection(ExtensibilityGlobals) = postSolution
		SolutionGuid = {9FA7CFF0-6250-4A7A-B004-D2E0C311AFCB}
	EndGlobalSection
EndGlobal
